// !$*UTF8*$!
{
	archiveVersion = 1;
	classes = {
	};
	objectVersion = 46;
	objects = {

/* Begin PBXBuildFile section */
		8300BE9E1AE31E02007A8B03 /* Play_button_pressed.png in Resources */ = {isa = PBXBuildFile; fileRef = 8300BE981AE31E02007A8B03 /* Play_button_pressed.png */; };
		8300BE9F1AE31E02007A8B03 /* Play_button_unpressed.png in Resources */ = {isa = PBXBuildFile; fileRef = 8300BE991AE31E02007A8B03 /* Play_button_unpressed.png */; };
		8300BEA01AE31E02007A8B03 /* Skip_next_pressed.png in Resources */ = {isa = PBXBuildFile; fileRef = 8300BE9A1AE31E02007A8B03 /* Skip_next_pressed.png */; };
		8300BEA11AE31E02007A8B03 /* Skip_next_unpressed.png in Resources */ = {isa = PBXBuildFile; fileRef = 8300BE9B1AE31E02007A8B03 /* Skip_next_unpressed.png */; };
		8300BEA21AE31E02007A8B03 /* Skip_prev_pressed.png in Resources */ = {isa = PBXBuildFile; fileRef = 8300BE9C1AE31E02007A8B03 /* Skip_prev_pressed.png */; };
		8300BEA31AE31E02007A8B03 /* Skip_prev_unpressed.png in Resources */ = {isa = PBXBuildFile; fileRef = 8300BE9D1AE31E02007A8B03 /* Skip_prev_unpressed.png */; };
		8300BEA51AE321B6007A8B03 /* Pause_button.png in Resources */ = {isa = PBXBuildFile; fileRef = 8300BEA41AE321B6007A8B03 /* Pause_button.png */; };
		83192A5B1AA64C16000D6E64 /* main.m in Sources */ = {isa = PBXBuildFile; fileRef = 83192A5A1AA64C16000D6E64 /* main.m */; };
		83192A5E1AA64C16000D6E64 /* AppDelegate.m in Sources */ = {isa = PBXBuildFile; fileRef = 83192A5D1AA64C16000D6E64 /* AppDelegate.m */; };
		83192A641AA64C16000D6E64 /* Main.storyboard in Resources */ = {isa = PBXBuildFile; fileRef = 83192A621AA64C16000D6E64 /* Main.storyboard */; };
		83192A661AA64C16000D6E64 /* Images.xcassets in Resources */ = {isa = PBXBuildFile; fileRef = 83192A651AA64C16000D6E64 /* Images.xcassets */; };
		83192A691AA64C16000D6E64 /* LaunchScreen.xib in Resources */ = {isa = PBXBuildFile; fileRef = 83192A671AA64C16000D6E64 /* LaunchScreen.xib */; };
		83192A751AA64C16000D6E64 /* VertMusicTests.m in Sources */ = {isa = PBXBuildFile; fileRef = 83192A741AA64C16000D6E64 /* VertMusicTests.m */; };
		83192A801AA65012000D6E64 /* PlayListTableViewController.m in Sources */ = {isa = PBXBuildFile; fileRef = 83192A7F1AA65012000D6E64 /* PlayListTableViewController.m */; };
		83192A831AA65031000D6E64 /* LoginViewController.m in Sources */ = {isa = PBXBuildFile; fileRef = 83192A821AA65031000D6E64 /* LoginViewController.m */; };
		83192A861AA6506C000D6E64 /* SettingsViewController.m in Sources */ = {isa = PBXBuildFile; fileRef = 83192A851AA6506C000D6E64 /* SettingsViewController.m */; };
		83192A891AA65188000D6E64 /* DataModel.m in Sources */ = {isa = PBXBuildFile; fileRef = 83192A881AA65188000D6E64 /* DataModel.m */; };
		834B6C9B1ABFD7AC00EE8695 /* SongTableViewController.m in Sources */ = {isa = PBXBuildFile; fileRef = 834B6C9A1ABFD7AC00EE8695 /* SongTableViewController.m */; };
		83700C7C1AC209BA00E64F63 /* AVFoundation.framework in Frameworks */ = {isa = PBXBuildFile; fileRef = 83700C7B1AC209BA00E64F63 /* AVFoundation.framework */; };
		837BEA0A1AAA4B2B00CCDB89 /* VertMusicHeader.png in Resources */ = {isa = PBXBuildFile; fileRef = 837BEA091AAA4B2B00CCDB89 /* VertMusicHeader.png */; };
		8398B01B1AC3C41600EFFE96 /* PlaySongViewController.m in Sources */ = {isa = PBXBuildFile; fileRef = 8398B01A1AC3C41600EFFE96 /* PlaySongViewController.m */; };
/* End PBXBuildFile section */

/* Begin PBXContainerItemProxy section */
		83192A6F1AA64C16000D6E64 /* PBXContainerItemProxy */ = {
			isa = PBXContainerItemProxy;
			containerPortal = 83192A4D1AA64C15000D6E64 /* Project object */;
			proxyType = 1;
			remoteGlobalIDString = 83192A541AA64C15000D6E64;
			remoteInfo = VertMusic;
		};
/* End PBXContainerItemProxy section */

/* Begin PBXFileReference section */
		8300BE981AE31E02007A8B03 /* Play_button_pressed.png */ = {isa = PBXFileReference; lastKnownFileType = image.png; path = Play_button_pressed.png; sourceTree = "<group>"; };
		8300BE991AE31E02007A8B03 /* Play_button_unpressed.png */ = {isa = PBXFileReference; lastKnownFileType = image.png; path = Play_button_unpressed.png; sourceTree = "<group>"; };
		8300BE9A1AE31E02007A8B03 /* Skip_next_pressed.png */ = {isa = PBXFileReference; lastKnownFileType = image.png; path = Skip_next_pressed.png; sourceTree = "<group>"; };
		8300BE9B1AE31E02007A8B03 /* Skip_next_unpressed.png */ = {isa = PBXFileReference; lastKnownFileType = image.png; path = Skip_next_unpressed.png; sourceTree = "<group>"; };
		8300BE9C1AE31E02007A8B03 /* Skip_prev_pressed.png */ = {isa = PBXFileReference; lastKnownFileType = image.png; path = Skip_prev_pressed.png; sourceTree = "<group>"; };
		8300BE9D1AE31E02007A8B03 /* Skip_prev_unpressed.png */ = {isa = PBXFileReference; lastKnownFileType = image.png; path = Skip_prev_unpressed.png; sourceTree = "<group>"; };
		8300BEA41AE321B6007A8B03 /* Pause_button.png */ = {isa = PBXFileReference; lastKnownFileType = image.png; path = Pause_button.png; sourceTree = "<group>"; };
		8309958B1ADD10AA001AED1C /* DataProtocol.h */ = {isa = PBXFileReference; fileEncoding = 4; lastKnownFileType = sourcecode.c.h; name = DataProtocol.h; path = ../DataProtocol.h; sourceTree = "<group>"; };
		83192A551AA64C15000D6E64 /* VertMusic.app */ = {isa = PBXFileReference; explicitFileType = wrapper.application; includeInIndex = 0; path = VertMusic.app; sourceTree = BUILT_PRODUCTS_DIR; };
		83192A591AA64C16000D6E64 /* Info.plist */ = {isa = PBXFileReference; lastKnownFileType = text.plist.xml; path = Info.plist; sourceTree = "<group>"; };
		83192A5A1AA64C16000D6E64 /* main.m */ = {isa = PBXFileReference; lastKnownFileType = sourcecode.c.objc; path = main.m; sourceTree = "<group>"; };
		83192A5C1AA64C16000D6E64 /* AppDelegate.h */ = {isa = PBXFileReference; lastKnownFileType = sourcecode.c.h; path = AppDelegate.h; sourceTree = "<group>"; };
		83192A5D1AA64C16000D6E64 /* AppDelegate.m */ = {isa = PBXFileReference; lastKnownFileType = sourcecode.c.objc; path = AppDelegate.m; sourceTree = "<group>"; };
		83192A631AA64C16000D6E64 /* Base */ = {isa = PBXFileReference; lastKnownFileType = file.storyboard; name = Base; path = Base.lproj/Main.storyboard; sourceTree = "<group>"; };
		83192A651AA64C16000D6E64 /* Images.xcassets */ = {isa = PBXFileReference; lastKnownFileType = folder.assetcatalog; path = Images.xcassets; sourceTree = "<group>"; };
		83192A681AA64C16000D6E64 /* Base */ = {isa = PBXFileReference; lastKnownFileType = file.xib; name = Base; path = Base.lproj/LaunchScreen.xib; sourceTree = "<group>"; };
		83192A6E1AA64C16000D6E64 /* VertMusicTests.xctest */ = {isa = PBXFileReference; explicitFileType = wrapper.cfbundle; includeInIndex = 0; path = VertMusicTests.xctest; sourceTree = BUILT_PRODUCTS_DIR; };
		83192A731AA64C16000D6E64 /* Info.plist */ = {isa = PBXFileReference; lastKnownFileType = text.plist.xml; path = Info.plist; sourceTree = "<group>"; };
		83192A741AA64C16000D6E64 /* VertMusicTests.m */ = {isa = PBXFileReference; lastKnownFileType = sourcecode.c.objc; path = VertMusicTests.m; sourceTree = "<group>"; };
		83192A7E1AA65012000D6E64 /* PlayListTableViewController.h */ = {isa = PBXFileReference; fileEncoding = 4; lastKnownFileType = sourcecode.c.h; path = PlayListTableViewController.h; sourceTree = "<group>"; };
		83192A7F1AA65012000D6E64 /* PlayListTableViewController.m */ = {isa = PBXFileReference; fileEncoding = 4; lastKnownFileType = sourcecode.c.objc; path = PlayListTableViewController.m; sourceTree = "<group>"; };
		83192A811AA65031000D6E64 /* LoginViewController.h */ = {isa = PBXFileReference; fileEncoding = 4; lastKnownFileType = sourcecode.c.h; path = LoginViewController.h; sourceTree = "<group>"; };
		83192A821AA65031000D6E64 /* LoginViewController.m */ = {isa = PBXFileReference; fileEncoding = 4; lastKnownFileType = sourcecode.c.objc; path = LoginViewController.m; sourceTree = "<group>"; };
		83192A841AA6506C000D6E64 /* SettingsViewController.h */ = {isa = PBXFileReference; fileEncoding = 4; lastKnownFileType = sourcecode.c.h; path = SettingsViewController.h; sourceTree = "<group>"; };
		83192A851AA6506C000D6E64 /* SettingsViewController.m */ = {isa = PBXFileReference; fileEncoding = 4; lastKnownFileType = sourcecode.c.objc; path = SettingsViewController.m; sourceTree = "<group>"; };
		83192A871AA65188000D6E64 /* DataModel.h */ = {isa = PBXFileReference; fileEncoding = 4; lastKnownFileType = sourcecode.c.h; path = DataModel.h; sourceTree = "<group>"; };
		83192A881AA65188000D6E64 /* DataModel.m */ = {isa = PBXFileReference; fileEncoding = 4; lastKnownFileType = sourcecode.c.objc; path = DataModel.m; sourceTree = "<group>"; };
		834B6C991ABFD7AC00EE8695 /* SongTableViewController.h */ = {isa = PBXFileReference; fileEncoding = 4; lastKnownFileType = sourcecode.c.h; path = SongTableViewController.h; sourceTree = "<group>"; };
		834B6C9A1ABFD7AC00EE8695 /* SongTableViewController.m */ = {isa = PBXFileReference; fileEncoding = 4; lastKnownFileType = sourcecode.c.objc; path = SongTableViewController.m; sourceTree = "<group>"; };
		83700C7B1AC209BA00E64F63 /* AVFoundation.framework */ = {isa = PBXFileReference; lastKnownFileType = wrapper.framework; name = AVFoundation.framework; path = System/Library/Frameworks/AVFoundation.framework; sourceTree = SDKROOT; };
		837BEA091AAA4B2B00CCDB89 /* VertMusicHeader.png */ = {isa = PBXFileReference; lastKnownFileType = image.png; path = VertMusicHeader.png; sourceTree = "<group>"; };
		8398B0191AC3C41600EFFE96 /* PlaySongViewController.h */ = {isa = PBXFileReference; fileEncoding = 4; lastKnownFileType = sourcecode.c.h; path = PlaySongViewController.h; sourceTree = "<group>"; };
		8398B01A1AC3C41600EFFE96 /* PlaySongViewController.m */ = {isa = PBXFileReference; fileEncoding = 4; lastKnownFileType = sourcecode.c.objc; path = PlaySongViewController.m; sourceTree = "<group>"; };
/* End PBXFileReference section */

/* Begin PBXFrameworksBuildPhase section */
		83192A521AA64C15000D6E64 /* Frameworks */ = {
			isa = PBXFrameworksBuildPhase;
			buildActionMask = 2147483647;
			files = (
				83700C7C1AC209BA00E64F63 /* AVFoundation.framework in Frameworks */,
			);
			runOnlyForDeploymentPostprocessing = 0;
		};
		83192A6B1AA64C16000D6E64 /* Frameworks */ = {
			isa = PBXFrameworksBuildPhase;
			buildActionMask = 2147483647;
			files = (
			);
			runOnlyForDeploymentPostprocessing = 0;
		};
/* End PBXFrameworksBuildPhase section */

/* Begin PBXGroup section */
		83192A4C1AA64C15000D6E64 = {
			isa = PBXGroup;
			children = (
				83192A571AA64C16000D6E64 /* VertMusic */,
				83192A711AA64C16000D6E64 /* VertMusicTests */,
				83192A561AA64C15000D6E64 /* Products */,
			);
			sourceTree = "<group>";
		};
		83192A561AA64C15000D6E64 /* Products */ = {
			isa = PBXGroup;
			children = (
				83192A551AA64C15000D6E64 /* VertMusic.app */,
				83192A6E1AA64C16000D6E64 /* VertMusicTests.xctest */,
			);
			name = Products;
			sourceTree = "<group>";
		};
		83192A571AA64C16000D6E64 /* VertMusic */ = {
			isa = PBXGroup;
			children = (
				83192A5C1AA64C16000D6E64 /* AppDelegate.h */,
				83192A5D1AA64C16000D6E64 /* AppDelegate.m */,
				83192A871AA65188000D6E64 /* DataModel.h */,
				83192A881AA65188000D6E64 /* DataModel.m */,
				8309958B1ADD10AA001AED1C /* DataProtocol.h */,
				83192A811AA65031000D6E64 /* LoginViewController.h */,
				83192A821AA65031000D6E64 /* LoginViewController.m */,
				83192A7E1AA65012000D6E64 /* PlayListTableViewController.h */,
				83192A7F1AA65012000D6E64 /* PlayListTableViewController.m */,
				834B6C991ABFD7AC00EE8695 /* SongTableViewController.h */,
				834B6C9A1ABFD7AC00EE8695 /* SongTableViewController.m */,
				8398B0191AC3C41600EFFE96 /* PlaySongViewController.h */,
				8398B01A1AC3C41600EFFE96 /* PlaySongViewController.m */,
				83192A841AA6506C000D6E64 /* SettingsViewController.h */,
				83192A851AA6506C000D6E64 /* SettingsViewController.m */,
				83192A621AA64C16000D6E64 /* Main.storyboard */,
				83192A651AA64C16000D6E64 /* Images.xcassets */,
				83192A671AA64C16000D6E64 /* LaunchScreen.xib */,
				83192A581AA64C16000D6E64 /* Supporting Files */,
			);
			path = VertMusic;
			sourceTree = "<group>";
		};
		83192A581AA64C16000D6E64 /* Supporting Files */ = {
			isa = PBXGroup;
			children = (
				83700C7B1AC209BA00E64F63 /* AVFoundation.framework */,
				837BEA091AAA4B2B00CCDB89 /* VertMusicHeader.png */,
				8300BE981AE31E02007A8B03 /* Play_button_pressed.png */,
				8300BEA41AE321B6007A8B03 /* Pause_button.png */,
				8300BE991AE31E02007A8B03 /* Play_button_unpressed.png */,
				8300BE9A1AE31E02007A8B03 /* Skip_next_pressed.png */,
				8300BE9B1AE31E02007A8B03 /* Skip_next_unpressed.png */,
				8300BE9C1AE31E02007A8B03 /* Skip_prev_pressed.png */,
				8300BE9D1AE31E02007A8B03 /* Skip_prev_unpressed.png */,
				83192A591AA64C16000D6E64 /* Info.plist */,
				83192A5A1AA64C16000D6E64 /* main.m */,
			);
			name = "Supporting Files";
			sourceTree = "<group>";
		};
		83192A711AA64C16000D6E64 /* VertMusicTests */ = {
			isa = PBXGroup;
			children = (
				83192A741AA64C16000D6E64 /* VertMusicTests.m */,
				83192A721AA64C16000D6E64 /* Supporting Files */,
			);
			path = VertMusicTests;
			sourceTree = "<group>";
		};
		83192A721AA64C16000D6E64 /* Supporting Files */ = {
			isa = PBXGroup;
			children = (
				83192A731AA64C16000D6E64 /* Info.plist */,
			);
			name = "Supporting Files";
			sourceTree = "<group>";
		};
/* End PBXGroup section */

/* Begin PBXNativeTarget section */
		83192A541AA64C15000D6E64 /* VertMusic */ = {
			isa = PBXNativeTarget;
			buildConfigurationList = 83192A781AA64C16000D6E64 /* Build configuration list for PBXNativeTarget "VertMusic" */;
			buildPhases = (
				83192A511AA64C15000D6E64 /* Sources */,
				83192A521AA64C15000D6E64 /* Frameworks */,
				83192A531AA64C15000D6E64 /* Resources */,
			);
			buildRules = (
			);
			dependencies = (
			);
			name = VertMusic;
			productName = VertMusic;
			productReference = 83192A551AA64C15000D6E64 /* VertMusic.app */;
			productType = "com.apple.product-type.application";
		};
		83192A6D1AA64C16000D6E64 /* VertMusicTests */ = {
			isa = PBXNativeTarget;
			buildConfigurationList = 83192A7B1AA64C16000D6E64 /* Build configuration list for PBXNativeTarget "VertMusicTests" */;
			buildPhases = (
				83192A6A1AA64C16000D6E64 /* Sources */,
				83192A6B1AA64C16000D6E64 /* Frameworks */,
				83192A6C1AA64C16000D6E64 /* Resources */,
			);
			buildRules = (
			);
			dependencies = (
				83192A701AA64C16000D6E64 /* PBXTargetDependency */,
			);
			name = VertMusicTests;
			productName = VertMusicTests;
			productReference = 83192A6E1AA64C16000D6E64 /* VertMusicTests.xctest */;
			productType = "com.apple.product-type.bundle.unit-test";
		};
/* End PBXNativeTarget section */

/* Begin PBXProject section */
		83192A4D1AA64C15000D6E64 /* Project object */ = {
			isa = PBXProject;
			attributes = {
				LastUpgradeCheck = 0610;
				ORGANIZATIONNAME = Vert;
				TargetAttributes = {
					83192A541AA64C15000D6E64 = {
						CreatedOnToolsVersion = 6.1.1;
					};
					83192A6D1AA64C16000D6E64 = {
						CreatedOnToolsVersion = 6.1.1;
						TestTargetID = 83192A541AA64C15000D6E64;
					};
				};
			};
			buildConfigurationList = 83192A501AA64C15000D6E64 /* Build configuration list for PBXProject "VertMusic" */;
			compatibilityVersion = "Xcode 3.2";
			developmentRegion = English;
			hasScannedForEncodings = 0;
			knownRegions = (
				en,
				Base,
			);
			mainGroup = 83192A4C1AA64C15000D6E64;
			productRefGroup = 83192A561AA64C15000D6E64 /* Products */;
			projectDirPath = "";
			projectRoot = "";
			targets = (
				83192A541AA64C15000D6E64 /* VertMusic */,
				83192A6D1AA64C16000D6E64 /* VertMusicTests */,
			);
		};
/* End PBXProject section */

/* Begin PBXResourcesBuildPhase section */
		83192A531AA64C15000D6E64 /* Resources */ = {
			isa = PBXResourcesBuildPhase;
			buildActionMask = 2147483647;
			files = (
				8300BEA51AE321B6007A8B03 /* Pause_button.png in Resources */,
				8300BEA01AE31E02007A8B03 /* Skip_next_pressed.png in Resources */,
				83192A641AA64C16000D6E64 /* Main.storyboard in Resources */,
				8300BE9F1AE31E02007A8B03 /* Play_button_unpressed.png in Resources */,
				837BEA0A1AAA4B2B00CCDB89 /* VertMusicHeader.png in Resources */,
				8300BE9E1AE31E02007A8B03 /* Play_button_pressed.png in Resources */,
				8300BEA31AE31E02007A8B03 /* Skip_prev_unpressed.png in Resources */,
				8300BEA21AE31E02007A8B03 /* Skip_prev_pressed.png in Resources */,
				83192A691AA64C16000D6E64 /* LaunchScreen.xib in Resources */,
				83192A661AA64C16000D6E64 /* Images.xcassets in Resources */,
				8300BEA11AE31E02007A8B03 /* Skip_next_unpressed.png in Resources */,
			);
			runOnlyForDeploymentPostprocessing = 0;
		};
		83192A6C1AA64C16000D6E64 /* Resources */ = {
			isa = PBXResourcesBuildPhase;
			buildActionMask = 2147483647;
			files = (
			);
			runOnlyForDeploymentPostprocessing = 0;
		};
/* End PBXResourcesBuildPhase section */

/* Begin PBXSourcesBuildPhase section */
		83192A511AA64C15000D6E64 /* Sources */ = {
			isa = PBXSourcesBuildPhase;
			buildActionMask = 2147483647;
			files = (
				834B6C9B1ABFD7AC00EE8695 /* SongTableViewController.m in Sources */,
				83192A831AA65031000D6E64 /* LoginViewController.m in Sources */,
				83192A5E1AA64C16000D6E64 /* AppDelegate.m in Sources */,
				83192A861AA6506C000D6E64 /* SettingsViewController.m in Sources */,
				83192A5B1AA64C16000D6E64 /* main.m in Sources */,
				83192A801AA65012000D6E64 /* PlayListTableViewController.m in Sources */,
				83192A891AA65188000D6E64 /* DataModel.m in Sources */,
				8398B01B1AC3C41600EFFE96 /* PlaySongViewController.m in Sources */,
			);
			runOnlyForDeploymentPostprocessing = 0;
		};
		83192A6A1AA64C16000D6E64 /* Sources */ = {
			isa = PBXSourcesBuildPhase;
			buildActionMask = 2147483647;
			files = (
				83192A751AA64C16000D6E64 /* VertMusicTests.m in Sources */,
			);
			runOnlyForDeploymentPostprocessing = 0;
		};
/* End PBXSourcesBuildPhase section */

/* Begin PBXTargetDependency section */
		83192A701AA64C16000D6E64 /* PBXTargetDependency */ = {
			isa = PBXTargetDependency;
			target = 83192A541AA64C15000D6E64 /* VertMusic */;
			targetProxy = 83192A6F1AA64C16000D6E64 /* PBXContainerItemProxy */;
		};
/* End PBXTargetDependency section */

/* Begin PBXVariantGroup section */
		83192A621AA64C16000D6E64 /* Main.storyboard */ = {
			isa = PBXVariantGroup;
			children = (
				83192A631AA64C16000D6E64 /* Base */,
			);
			name = Main.storyboard;
			sourceTree = "<group>";
		};
		83192A671AA64C16000D6E64 /* LaunchScreen.xib */ = {
			isa = PBXVariantGroup;
			children = (
				83192A681AA64C16000D6E64 /* Base */,
			);
			name = LaunchScreen.xib;
			sourceTree = "<group>";
		};
/* End PBXVariantGroup section */

/* Begin XCBuildConfiguration section */
		83192A761AA64C16000D6E64 /* Debug */ = {
			isa = XCBuildConfiguration;
			buildSettings = {
				ALWAYS_SEARCH_USER_PATHS = NO;
				CLANG_CXX_LANGUAGE_STANDARD = "gnu++0x";
				CLANG_CXX_LIBRARY = "libc++";
				CLANG_ENABLE_MODULES = YES;
				CLANG_ENABLE_OBJC_ARC = YES;
				CLANG_WARN_BOOL_CONVERSION = YES;
				CLANG_WARN_CONSTANT_CONVERSION = YES;
				CLANG_WARN_DIRECT_OBJC_ISA_USAGE = YES_ERROR;
				CLANG_WARN_EMPTY_BODY = YES;
				CLANG_WARN_ENUM_CONVERSION = YES;
				CLANG_WARN_INT_CONVERSION = YES;
				CLANG_WARN_OBJC_ROOT_CLASS = YES_ERROR;
				CLANG_WARN_UNREACHABLE_CODE = YES;
				CLANG_WARN__DUPLICATE_METHOD_MATCH = YES;
				"CODE_SIGN_IDENTITY[sdk=iphoneos*]" = "iPhone Developer";
				COPY_PHASE_STRIP = NO;
				ENABLE_STRICT_OBJC_MSGSEND = YES;
				GCC_C_LANGUAGE_STANDARD = gnu99;
				GCC_DYNAMIC_NO_PIC = NO;
				GCC_OPTIMIZATION_LEVEL = 0;
				GCC_PREPROCESSOR_DEFINITIONS = (
					"DEBUG=1",
					"$(inherited)",
				);
				GCC_SYMBOLS_PRIVATE_EXTERN = NO;
				GCC_WARN_64_TO_32_BIT_CONVERSION = YES;
				GCC_WARN_ABOUT_RETURN_TYPE = YES_ERROR;
				GCC_WARN_UNDECLARED_SELECTOR = YES;
				GCC_WARN_UNINITIALIZED_AUTOS = YES_AGGRESSIVE;
				GCC_WARN_UNUSED_FUNCTION = YES;
				GCC_WARN_UNUSED_VARIABLE = YES;
				IPHONEOS_DEPLOYMENT_TARGET = 8.1;
				MTL_ENABLE_DEBUG_INFO = YES;
				ONLY_ACTIVE_ARCH = YES;
				SDKROOT = iphoneos;
			};
			name = Debug;
		};
		83192A771AA64C16000D6E64 /* Release */ = {
			isa = XCBuildConfiguration;
			buildSettings = {
				ALWAYS_SEARCH_USER_PATHS = NO;
				CLANG_CXX_LANGUAGE_STANDARD = "gnu++0x";
				CLANG_CXX_LIBRARY = "libc++";
				CLANG_ENABLE_MODULES = YES;
				CLANG_ENABLE_OBJC_ARC = YES;
				CLANG_WARN_BOOL_CONVERSION = YES;
				CLANG_WARN_CONSTANT_CONVERSION = YES;
				CLANG_WARN_DIRECT_OBJC_ISA_USAGE = YES_ERROR;
				CLANG_WARN_EMPTY_BODY = YES;
				CLANG_WARN_ENUM_CONVERSION = YES;
				CLANG_WARN_INT_CONVERSION = YES;
				CLANG_WARN_OBJC_ROOT_CLASS = YES_ERROR;
				CLANG_WARN_UNREACHABLE_CODE = YES;
				CLANG_WARN__DUPLICATE_METHOD_MATCH = YES;
				"CODE_SIGN_IDENTITY[sdk=iphoneos*]" = "iPhone Developer";
				COPY_PHASE_STRIP = YES;
				ENABLE_NS_ASSERTIONS = NO;
				ENABLE_STRICT_OBJC_MSGSEND = YES;
				GCC_C_LANGUAGE_STANDARD = gnu99;
				GCC_WARN_64_TO_32_BIT_CONVERSION = YES;
				GCC_WARN_ABOUT_RETURN_TYPE = YES_ERROR;
				GCC_WARN_UNDECLARED_SELECTOR = YES;
				GCC_WARN_UNINITIALIZED_AUTOS = YES_AGGRESSIVE;
				GCC_WARN_UNUSED_FUNCTION = YES;
				GCC_WARN_UNUSED_VARIABLE = YES;
				IPHONEOS_DEPLOYMENT_TARGET = 8.1;
				MTL_ENABLE_DEBUG_INFO = NO;
				SDKROOT = iphoneos;
				VALIDATE_PRODUCT = YES;
			};
			name = Release;
		};
		83192A791AA64C16000D6E64 /* Debug */ = {
			isa = XCBuildConfiguration;
			buildSettings = {
				ASSETCATALOG_COMPILER_APPICON_NAME = AppIcon;
				INFOPLIST_FILE = VertMusic/Info.plist;
				LD_RUNPATH_SEARCH_PATHS = "$(inherited) @executable_path/Frameworks";
				PRODUCT_NAME = "$(TARGET_NAME)";
			};
			name = Debug;
		};
		83192A7A1AA64C16000D6E64 /* Release */ = {
			isa = XCBuildConfiguration;
			buildSettings = {
				ASSETCATALOG_COMPILER_APPICON_NAME = AppIcon;
				INFOPLIST_FILE = VertMusic/Info.plist;
				LD_RUNPATH_SEARCH_PATHS = "$(inherited) @executable_path/Frameworks";
				PRODUCT_NAME = "$(TARGET_NAME)";
			};
			name = Release;
		};
		83192A7C1AA64C16000D6E64 /* Debug */ = {
			isa = XCBuildConfiguration;
			buildSettings = {
				BUNDLE_LOADER = "$(TEST_HOST)";
				FRAMEWORK_SEARCH_PATHS = (
					"$(SDKROOT)/Developer/Library/Frameworks",
					"$(inherited)",
				);
				GCC_PREPROCESSOR_DEFINITIONS = (
					"DEBUG=1",
					"$(inherited)",
				);
				INFOPLIST_FILE = VertMusicTests/Info.plist;
				LD_RUNPATH_SEARCH_PATHS = "$(inherited) @executable_path/Frameworks @loader_path/Frameworks";
				PRODUCT_NAME = "$(TARGET_NAME)";
				TEST_HOST = "$(BUILT_PRODUCTS_DIR)/VertMusic.app/VertMusic";
			};
			name = Debug;
		};
		83192A7D1AA64C16000D6E64 /* Release */ = {
			isa = XCBuildConfiguration;
			buildSettings = {
				BUNDLE_LOADER = "$(TEST_HOST)";
				FRAMEWORK_SEARCH_PATHS = (
					"$(SDKROOT)/Developer/Library/Frameworks",
					"$(inherited)",
				);
				INFOPLIST_FILE = VertMusicTests/Info.plist;
				LD_RUNPATH_SEARCH_PATHS = "$(inherited) @executable_path/Frameworks @loader_path/Frameworks";
				PRODUCT_NAME = "$(TARGET_NAME)";
				TEST_HOST = "$(BUILT_PRODUCTS_DIR)/VertMusic.app/VertMusic";
			};
			name = Release;
		};
/* End XCBuildConfiguration section */

/* Begin XCConfigurationList section */
		83192A501AA64C15000D6E64 /* Build configuration list for PBXProject "VertMusic" */ = {
			isa = XCConfigurationList;
			buildConfigurations = (
				83192A761AA64C16000D6E64 /* Debug */,
				83192A771AA64C16000D6E64 /* Release */,
			);
			defaultConfigurationIsVisible = 0;
			defaultConfigurationName = Release;
		};
		83192A781AA64C16000D6E64 /* Build configuration list for PBXNativeTarget "VertMusic" */ = {
			isa = XCConfigurationList;
			buildConfigurations = (
				83192A791AA64C16000D6E64 /* Debug */,
				83192A7A1AA64C16000D6E64 /* Release */,
			);
			defaultConfigurationIsVisible = 0;
			defaultConfigurationName = Release;
		};
		83192A7B1AA64C16000D6E64 /* Build configuration list for PBXNativeTarget "VertMusicTests" */ = {
			isa = XCConfigurationList;
			buildConfigurations = (
				83192A7C1AA64C16000D6E64 /* Debug */,
				83192A7D1AA64C16000D6E64 /* Release */,
			);
			defaultConfigurationIsVisible = 0;
			defaultConfigurationName = Release;
		};
/* End XCConfigurationList section */
	};
	rootObject = 83192A4D1AA64C15000D6E64 /* Project object */;
}
