// !$*UTF8*$!
{
	archiveVersion = 1;
	classes = {
	};
	objectVersion = 46;
	objects = {

/* Begin PBXBuildFile section */
		8301D0291A82B690007A8132 /* VERTMUSIC.png in Resources */ = {isa = PBXBuildFile; fileRef = 8301D0281A82B690007A8132 /* VERTMUSIC.png */; };
		831ECC711A820913004C0F43 /* AppDelegate.swift in Sources */ = {isa = PBXBuildFile; fileRef = 831ECC701A820913004C0F43 /* AppDelegate.swift */; };
		831ECC731A820913004C0F43 /* ViewController.swift in Sources */ = {isa = PBXBuildFile; fileRef = 831ECC721A820913004C0F43 /* ViewController.swift */; };
		831ECC761A820913004C0F43 /* Main.storyboard in Resources */ = {isa = PBXBuildFile; fileRef = 831ECC741A820913004C0F43 /* Main.storyboard */; };
		831ECC781A820913004C0F43 /* Images.xcassets in Resources */ = {isa = PBXBuildFile; fileRef = 831ECC771A820913004C0F43 /* Images.xcassets */; };
		831ECC7B1A820913004C0F43 /* LaunchScreen.xib in Resources */ = {isa = PBXBuildFile; fileRef = 831ECC791A820913004C0F43 /* LaunchScreen.xib */; };
		831ECC871A820913004C0F43 /* VertMusicTests.swift in Sources */ = {isa = PBXBuildFile; fileRef = 831ECC861A820913004C0F43 /* VertMusicTests.swift */; };
		831ECC921A820A4C004C0F43 /* vert_logo.png in Resources */ = {isa = PBXBuildFile; fileRef = 831ECC911A820A4C004C0F43 /* vert_logo.png */; };
/* End PBXBuildFile section */

/* Begin PBXContainerItemProxy section */
		831ECC811A820913004C0F43 /* PBXContainerItemProxy */ = {
			isa = PBXContainerItemProxy;
			containerPortal = 831ECC631A820913004C0F43 /* Project object */;
			proxyType = 1;
			remoteGlobalIDString = 831ECC6A1A820913004C0F43;
			remoteInfo = VertMusic;
		};
/* End PBXContainerItemProxy section */

/* Begin PBXFileReference section */
		8301D0281A82B690007A8132 /* VERTMUSIC.png */ = {isa = PBXFileReference; lastKnownFileType = image.png; path = VERTMUSIC.png; sourceTree = "<group>"; };
		831ECC6B1A820913004C0F43 /* VertMusic.app */ = {isa = PBXFileReference; explicitFileType = wrapper.application; includeInIndex = 0; path = VertMusic.app; sourceTree = BUILT_PRODUCTS_DIR; };
		831ECC6F1A820913004C0F43 /* Info.plist */ = {isa = PBXFileReference; lastKnownFileType = text.plist.xml; path = Info.plist; sourceTree = "<group>"; };
		831ECC701A820913004C0F43 /* AppDelegate.swift */ = {isa = PBXFileReference; lastKnownFileType = sourcecode.swift; path = AppDelegate.swift; sourceTree = "<group>"; };
		831ECC721A820913004C0F43 /* ViewController.swift */ = {isa = PBXFileReference; lastKnownFileType = sourcecode.swift; path = ViewController.swift; sourceTree = "<group>"; };
		831ECC751A820913004C0F43 /* Base */ = {isa = PBXFileReference; lastKnownFileType = file.storyboard; name = Base; path = Base.lproj/Main.storyboard; sourceTree = "<group>"; };
		831ECC771A820913004C0F43 /* Images.xcassets */ = {isa = PBXFileReference; lastKnownFileType = folder.assetcatalog; path = Images.xcassets; sourceTree = "<group>"; };
		831ECC7A1A820913004C0F43 /* Base */ = {isa = PBXFileReference; lastKnownFileType = file.xib; name = Base; path = Base.lproj/LaunchScreen.xib; sourceTree = "<group>"; };
		831ECC801A820913004C0F43 /* VertMusicTests.xctest */ = {isa = PBXFileReference; explicitFileType = wrapper.cfbundle; includeInIndex = 0; path = VertMusicTests.xctest; sourceTree = BUILT_PRODUCTS_DIR; };
		831ECC851A820913004C0F43 /* Info.plist */ = {isa = PBXFileReference; lastKnownFileType = text.plist.xml; path = Info.plist; sourceTree = "<group>"; };
		831ECC861A820913004C0F43 /* VertMusicTests.swift */ = {isa = PBXFileReference; lastKnownFileType = sourcecode.swift; path = VertMusicTests.swift; sourceTree = "<group>"; };
		831ECC911A820A4C004C0F43 /* vert_logo.png */ = {isa = PBXFileReference; lastKnownFileType = image.png; path = vert_logo.png; sourceTree = "<group>"; };
/* End PBXFileReference section */

/* Begin PBXFrameworksBuildPhase section */
		831ECC681A820913004C0F43 /* Frameworks */ = {
			isa = PBXFrameworksBuildPhase;
			buildActionMask = 2147483647;
			files = (
			);
			runOnlyForDeploymentPostprocessing = 0;
		};
		831ECC7D1A820913004C0F43 /* Frameworks */ = {
			isa = PBXFrameworksBuildPhase;
			buildActionMask = 2147483647;
			files = (
			);
			runOnlyForDeploymentPostprocessing = 0;
		};
/* End PBXFrameworksBuildPhase section */

/* Begin PBXGroup section */
		831ECC621A820913004C0F43 = {
			isa = PBXGroup;
			children = (
				831ECC6D1A820913004C0F43 /* VertMusic */,
				831ECC831A820913004C0F43 /* VertMusicTests */,
				831ECC6C1A820913004C0F43 /* Products */,
			);
			sourceTree = "<group>";
		};
		831ECC6C1A820913004C0F43 /* Products */ = {
			isa = PBXGroup;
			children = (
				831ECC6B1A820913004C0F43 /* VertMusic.app */,
				831ECC801A820913004C0F43 /* VertMusicTests.xctest */,
			);
			name = Products;
			sourceTree = "<group>";
		};
		831ECC6D1A820913004C0F43 /* VertMusic */ = {
			isa = PBXGroup;
			children = (
				831ECC901A820A4C004C0F43 /* Pics */,
				831ECC701A820913004C0F43 /* AppDelegate.swift */,
				831ECC721A820913004C0F43 /* ViewController.swift */,
				831ECC741A820913004C0F43 /* Main.storyboard */,
				831ECC771A820913004C0F43 /* Images.xcassets */,
				831ECC791A820913004C0F43 /* LaunchScreen.xib */,
				831ECC6E1A820913004C0F43 /* Supporting Files */,
			);
			path = VertMusic;
			sourceTree = "<group>";
		};
		831ECC6E1A820913004C0F43 /* Supporting Files */ = {
			isa = PBXGroup;
			children = (
				831ECC6F1A820913004C0F43 /* Info.plist */,
			);
			name = "Supporting Files";
			sourceTree = "<group>";
		};
		831ECC831A820913004C0F43 /* VertMusicTests */ = {
			isa = PBXGroup;
			children = (
				831ECC861A820913004C0F43 /* VertMusicTests.swift */,
				831ECC841A820913004C0F43 /* Supporting Files */,
			);
			path = VertMusicTests;
			sourceTree = "<group>";
		};
		831ECC841A820913004C0F43 /* Supporting Files */ = {
			isa = PBXGroup;
			children = (
				831ECC851A820913004C0F43 /* Info.plist */,
			);
			name = "Supporting Files";
			sourceTree = "<group>";
		};
		831ECC901A820A4C004C0F43 /* Pics */ = {
			isa = PBXGroup;
			children = (
				8301D0281A82B690007A8132 /* VERTMUSIC.png */,
				831ECC911A820A4C004C0F43 /* vert_logo.png */,
			);
			name = Pics;
			path = ../Pics;
			sourceTree = "<group>";
		};
/* End PBXGroup section */

/* Begin PBXNativeTarget section */
		831ECC6A1A820913004C0F43 /* VertMusic */ = {
			isa = PBXNativeTarget;
			buildConfigurationList = 831ECC8A1A820913004C0F43 /* Build configuration list for PBXNativeTarget "VertMusic" */;
			buildPhases = (
				831ECC671A820913004C0F43 /* Sources */,
				831ECC681A820913004C0F43 /* Frameworks */,
				831ECC691A820913004C0F43 /* Resources */,
			);
			buildRules = (
			);
			dependencies = (
			);
			name = VertMusic;
			productName = VertMusic;
			productReference = 831ECC6B1A820913004C0F43 /* VertMusic.app */;
			productType = "com.apple.product-type.application";
		};
		831ECC7F1A820913004C0F43 /* VertMusicTests */ = {
			isa = PBXNativeTarget;
			buildConfigurationList = 831ECC8D1A820913004C0F43 /* Build configuration list for PBXNativeTarget "VertMusicTests" */;
			buildPhases = (
				831ECC7C1A820913004C0F43 /* Sources */,
				831ECC7D1A820913004C0F43 /* Frameworks */,
				831ECC7E1A820913004C0F43 /* Resources */,
			);
			buildRules = (
			);
			dependencies = (
				831ECC821A820913004C0F43 /* PBXTargetDependency */,
			);
			name = VertMusicTests;
			productName = VertMusicTests;
			productReference = 831ECC801A820913004C0F43 /* VertMusicTests.xctest */;
			productType = "com.apple.product-type.bundle.unit-test";
		};
/* End PBXNativeTarget section */

/* Begin PBXProject section */
		831ECC631A820913004C0F43 /* Project object */ = {
			isa = PBXProject;
			attributes = {
				LastUpgradeCheck = 0610;
				ORGANIZATIONNAME = "Glenn Contreras";
				TargetAttributes = {
					831ECC6A1A820913004C0F43 = {
						CreatedOnToolsVersion = 6.1.1;
					};
					831ECC7F1A820913004C0F43 = {
						CreatedOnToolsVersion = 6.1.1;
						TestTargetID = 831ECC6A1A820913004C0F43;
					};
				};
			};
			buildConfigurationList = 831ECC661A820913004C0F43 /* Build configuration list for PBXProject "VertMusic" */;
			compatibilityVersion = "Xcode 3.2";
			developmentRegion = English;
			hasScannedForEncodings = 0;
			knownRegions = (
				en,
				Base,
			);
			mainGroup = 831ECC621A820913004C0F43;
			productRefGroup = 831ECC6C1A820913004C0F43 /* Products */;
			projectDirPath = "";
			projectRoot = "";
			targets = (
				831ECC6A1A820913004C0F43 /* VertMusic */,
				831ECC7F1A820913004C0F43 /* VertMusicTests */,
			);
		};
/* End PBXProject section */

/* Begin PBXResourcesBuildPhase section */
		831ECC691A820913004C0F43 /* Resources */ = {
			isa = PBXResourcesBuildPhase;
			buildActionMask = 2147483647;
			files = (
				831ECC761A820913004C0F43 /* Main.storyboard in Resources */,
				831ECC921A820A4C004C0F43 /* vert_logo.png in Resources */,
				831ECC7B1A820913004C0F43 /* LaunchScreen.xib in Resources */,
				8301D0291A82B690007A8132 /* VERTMUSIC.png in Resources */,
				831ECC781A820913004C0F43 /* Images.xcassets in Resources */,
			);
			runOnlyForDeploymentPostprocessing = 0;
		};
		831ECC7E1A820913004C0F43 /* Resources */ = {
			isa = PBXResourcesBuildPhase;
			buildActionMask = 2147483647;
			files = (
			);
			runOnlyForDeploymentPostprocessing = 0;
		};
/* End PBXResourcesBuildPhase section */

/* Begin PBXSourcesBuildPhase section */
		831ECC671A820913004C0F43 /* Sources */ = {
			isa = PBXSourcesBuildPhase;
			buildActionMask = 2147483647;
			files = (
				831ECC731A820913004C0F43 /* ViewController.swift in Sources */,
				831ECC711A820913004C0F43 /* AppDelegate.swift in Sources */,
			);
			runOnlyForDeploymentPostprocessing = 0;
		};
		831ECC7C1A820913004C0F43 /* Sources */ = {
			isa = PBXSourcesBuildPhase;
			buildActionMask = 2147483647;
			files = (
				831ECC871A820913004C0F43 /* VertMusicTests.swift in Sources */,
			);
			runOnlyForDeploymentPostprocessing = 0;
		};
/* End PBXSourcesBuildPhase section */

/* Begin PBXTargetDependency section */
		831ECC821A820913004C0F43 /* PBXTargetDependency */ = {
			isa = PBXTargetDependency;
			target = 831ECC6A1A820913004C0F43 /* VertMusic */;
			targetProxy = 831ECC811A820913004C0F43 /* PBXContainerItemProxy */;
		};
/* End PBXTargetDependency section */

/* Begin PBXVariantGroup section */
		831ECC741A820913004C0F43 /* Main.storyboard */ = {
			isa = PBXVariantGroup;
			children = (
				831ECC751A820913004C0F43 /* Base */,
			);
			name = Main.storyboard;
			sourceTree = "<group>";
		};
		831ECC791A820913004C0F43 /* LaunchScreen.xib */ = {
			isa = PBXVariantGroup;
			children = (
				831ECC7A1A820913004C0F43 /* Base */,
			);
			name = LaunchScreen.xib;
			sourceTree = "<group>";
		};
/* End PBXVariantGroup section */

/* Begin XCBuildConfiguration section */
		831ECC881A820913004C0F43 /* Debug */ = {
			isa = XCBuildConfiguration;
			buildSettings = {
				ALWAYS_SEARCH_USER_PATHS = NO;
				CLANG_CXX_LANGUAGE_STANDARD = "gnu++0x";
				CLANG_CXX_LIBRARY = "libc++";
				CLANG_ENABLE_MODULES = YES;
				CLANG_ENABLE_OBJC_ARC = YES;
				CLANG_WARN_BOOL_CONVERSION = YES;
				CLANG_WARN_CONSTANT_CONVERSION = YES;
				CLANG_WARN_DIRECT_OBJC_ISA_USAGE = YES_ERROR;
				CLANG_WARN_EMPTY_BODY = YES;
				CLANG_WARN_ENUM_CONVERSION = YES;
				CLANG_WARN_INT_CONVERSION = YES;
				CLANG_WARN_OBJC_ROOT_CLASS = YES_ERROR;
				CLANG_WARN_UNREACHABLE_CODE = YES;
				CLANG_WARN__DUPLICATE_METHOD_MATCH = YES;
				"CODE_SIGN_IDENTITY[sdk=iphoneos*]" = "iPhone Developer";
				COPY_PHASE_STRIP = NO;
				ENABLE_STRICT_OBJC_MSGSEND = YES;
				GCC_C_LANGUAGE_STANDARD = gnu99;
				GCC_DYNAMIC_NO_PIC = NO;
				GCC_OPTIMIZATION_LEVEL = 0;
				GCC_PREPROCESSOR_DEFINITIONS = (
					"DEBUG=1",
					"$(inherited)",
				);
				GCC_SYMBOLS_PRIVATE_EXTERN = NO;
				GCC_WARN_64_TO_32_BIT_CONVERSION = YES;
				GCC_WARN_ABOUT_RETURN_TYPE = YES_ERROR;
				GCC_WARN_UNDECLARED_SELECTOR = YES;
				GCC_WARN_UNINITIALIZED_AUTOS = YES_AGGRESSIVE;
				GCC_WARN_UNUSED_FUNCTION = YES;
				GCC_WARN_UNUSED_VARIABLE = YES;
				IPHONEOS_DEPLOYMENT_TARGET = 8.1;
				MTL_ENABLE_DEBUG_INFO = YES;
				ONLY_ACTIVE_ARCH = YES;
				SDKROOT = iphoneos;
				SWIFT_OPTIMIZATION_LEVEL = "-Onone";
				TARGETED_DEVICE_FAMILY = "1,2";
			};
			name = Debug;
		};
		831ECC891A820913004C0F43 /* Release */ = {
			isa = XCBuildConfiguration;
			buildSettings = {
				ALWAYS_SEARCH_USER_PATHS = NO;
				CLANG_CXX_LANGUAGE_STANDARD = "gnu++0x";
				CLANG_CXX_LIBRARY = "libc++";
				CLANG_ENABLE_MODULES = YES;
				CLANG_ENABLE_OBJC_ARC = YES;
				CLANG_WARN_BOOL_CONVERSION = YES;
				CLANG_WARN_CONSTANT_CONVERSION = YES;
				CLANG_WARN_DIRECT_OBJC_ISA_USAGE = YES_ERROR;
				CLANG_WARN_EMPTY_BODY = YES;
				CLANG_WARN_ENUM_CONVERSION = YES;
				CLANG_WARN_INT_CONVERSION = YES;
				CLANG_WARN_OBJC_ROOT_CLASS = YES_ERROR;
				CLANG_WARN_UNREACHABLE_CODE = YES;
				CLANG_WARN__DUPLICATE_METHOD_MATCH = YES;
				"CODE_SIGN_IDENTITY[sdk=iphoneos*]" = "iPhone Developer";
				COPY_PHASE_STRIP = YES;
				ENABLE_NS_ASSERTIONS = NO;
				ENABLE_STRICT_OBJC_MSGSEND = YES;
				GCC_C_LANGUAGE_STANDARD = gnu99;
				GCC_WARN_64_TO_32_BIT_CONVERSION = YES;
				GCC_WARN_ABOUT_RETURN_TYPE = YES_ERROR;
				GCC_WARN_UNDECLARED_SELECTOR = YES;
				GCC_WARN_UNINITIALIZED_AUTOS = YES_AGGRESSIVE;
				GCC_WARN_UNUSED_FUNCTION = YES;
				GCC_WARN_UNUSED_VARIABLE = YES;
				IPHONEOS_DEPLOYMENT_TARGET = 8.1;
				MTL_ENABLE_DEBUG_INFO = NO;
				SDKROOT = iphoneos;
				TARGETED_DEVICE_FAMILY = "1,2";
				VALIDATE_PRODUCT = YES;
			};
			name = Release;
		};
		831ECC8B1A820913004C0F43 /* Debug */ = {
			isa = XCBuildConfiguration;
			buildSettings = {
				ASSETCATALOG_COMPILER_APPICON_NAME = AppIcon;
				INFOPLIST_FILE = VertMusic/Info.plist;
				LD_RUNPATH_SEARCH_PATHS = "$(inherited) @executable_path/Frameworks";
				PRODUCT_NAME = "$(TARGET_NAME)";
			};
			name = Debug;
		};
		831ECC8C1A820913004C0F43 /* Release */ = {
			isa = XCBuildConfiguration;
			buildSettings = {
				ASSETCATALOG_COMPILER_APPICON_NAME = AppIcon;
				INFOPLIST_FILE = VertMusic/Info.plist;
				LD_RUNPATH_SEARCH_PATHS = "$(inherited) @executable_path/Frameworks";
				PRODUCT_NAME = "$(TARGET_NAME)";
			};
			name = Release;
		};
		831ECC8E1A820913004C0F43 /* Debug */ = {
			isa = XCBuildConfiguration;
			buildSettings = {
				BUNDLE_LOADER = "$(TEST_HOST)";
				FRAMEWORK_SEARCH_PATHS = (
					"$(SDKROOT)/Developer/Library/Frameworks",
					"$(inherited)",
				);
				GCC_PREPROCESSOR_DEFINITIONS = (
					"DEBUG=1",
					"$(inherited)",
				);
				INFOPLIST_FILE = VertMusicTests/Info.plist;
				LD_RUNPATH_SEARCH_PATHS = "$(inherited) @executable_path/Frameworks @loader_path/Frameworks";
				PRODUCT_NAME = "$(TARGET_NAME)";
				TEST_HOST = "$(BUILT_PRODUCTS_DIR)/VertMusic.app/VertMusic";
			};
			name = Debug;
		};
		831ECC8F1A820913004C0F43 /* Release */ = {
			isa = XCBuildConfiguration;
			buildSettings = {
				BUNDLE_LOADER = "$(TEST_HOST)";
				FRAMEWORK_SEARCH_PATHS = (
					"$(SDKROOT)/Developer/Library/Frameworks",
					"$(inherited)",
				);
				INFOPLIST_FILE = VertMusicTests/Info.plist;
				LD_RUNPATH_SEARCH_PATHS = "$(inherited) @executable_path/Frameworks @loader_path/Frameworks";
				PRODUCT_NAME = "$(TARGET_NAME)";
				TEST_HOST = "$(BUILT_PRODUCTS_DIR)/VertMusic.app/VertMusic";
			};
			name = Release;
		};
/* End XCBuildConfiguration section */

/* Begin XCConfigurationList section */
		831ECC661A820913004C0F43 /* Build configuration list for PBXProject "VertMusic" */ = {
			isa = XCConfigurationList;
			buildConfigurations = (
				831ECC881A820913004C0F43 /* Debug */,
				831ECC891A820913004C0F43 /* Release */,
			);
			defaultConfigurationIsVisible = 0;
			defaultConfigurationName = Release;
		};
		831ECC8A1A820913004C0F43 /* Build configuration list for PBXNativeTarget "VertMusic" */ = {
			isa = XCConfigurationList;
			buildConfigurations = (
				831ECC8B1A820913004C0F43 /* Debug */,
				831ECC8C1A820913004C0F43 /* Release */,
			);
			defaultConfigurationIsVisible = 0;
			defaultConfigurationName = Release;
		};
		831ECC8D1A820913004C0F43 /* Build configuration list for PBXNativeTarget "VertMusicTests" */ = {
			isa = XCConfigurationList;
			buildConfigurations = (
				831ECC8E1A820913004C0F43 /* Debug */,
				831ECC8F1A820913004C0F43 /* Release */,
			);
			defaultConfigurationIsVisible = 0;
			defaultConfigurationName = Release;
		};
/* End XCConfigurationList section */
	};
	rootObject = 831ECC631A820913004C0F43 /* Project object */;
}
